# THIS IS AN AUTOGENERATED FILE. DO NOT EDIT THIS FILE DIRECTLY.
# yarn lockfile v1


"@next/env@12.1.3":
  version "12.1.3"
  resolved "https://registry.yarnpkg.com/@next/env/-/env-12.1.3.tgz#2af3a9f078958d7cc91a8a90eb9036f77a7e346f"
  integrity sha512-SoArEiTnqT+DYTLJzmPC4lUJbXngW+tBYdxP2SYEW5rKrBFz4DlQeGG2jwxJFs5Ac5QKZAmeJiSQR/IEHKsRgA==

"@next/swc-android-arm-eabi@12.1.3":
  version "12.1.3"
  resolved "https://registry.yarnpkg.com/@next/swc-android-arm-eabi/-/swc-android-arm-eabi-12.1.3.tgz#2b3f30814dfbee3a62b23d3dbbd1b6ee28743ad5"
  integrity sha512-TqH8Ua/6k6RFyhpS/Nu9vm7Las9RkJx4P27ynhGog/gU2F9qwnwu3U/7sOnpnR13bxXCWQkK6QvOFtqlA0urQw==

"@next/swc-android-arm64@12.1.3":
  version "12.1.3"
  resolved "https://registry.yarnpkg.com/@next/swc-android-arm64/-/swc-android-arm64-12.1.3.tgz#ed6f8e2379583e82859ce0783ca052a7807f6f67"
  integrity sha512-BQiPrCwFPNzqmqE95mAReH5XAKxmB5Y845ihIc1y37tcXkl+ap1wU9MBjIX1tUOYmzLm0cZJnE6AG3ek2nLDVw==

"@next/swc-darwin-arm64@12.1.3":
  version "12.1.3"
  resolved "https://registry.yarnpkg.com/@next/swc-darwin-arm64/-/swc-darwin-arm64-12.1.3.tgz#104a038e86d417d4c99b619f1163a8400b554915"
  integrity sha512-1MszWZF4m/1jYxRKJg2eEkz2s2tbGPx+HDYZlZDpMwO4+8RU0pu7x8SfVWEqf4g2kSC4W9nMNlDysY39jdcZ2w==

"@next/swc-darwin-x64@12.1.3":
  version "12.1.3"
  resolved "https://registry.yarnpkg.com/@next/swc-darwin-x64/-/swc-darwin-x64-12.1.3.tgz#1cc2531be316a344cd39cae5b431d2f69c12d070"
  integrity sha512-7BCjXBG4x/MxnWssZPn6x8BKuV2dThFDwVpnCvP5fJ0wB9pAwsgw4pvpO6VdwhMpkQ3sWKm/rZJGimGJ39gT3A==

"@next/swc-linux-arm-gnueabihf@12.1.3":
  version "12.1.3"
  resolved "https://registry.yarnpkg.com/@next/swc-linux-arm-gnueabihf/-/swc-linux-arm-gnueabihf-12.1.3.tgz#f46e6a9fd3b5f16da3704c4808ae7f28c11a2dcc"
  integrity sha512-udQe5Gth99CjjL+Lc5xZq3KQv+eelGTdFnrYv+ggaoeenM6LI4RSvHGf87PSGlbhP6c3pM28cLnWTcF/puuv2Q==

"@next/swc-linux-arm64-gnu@12.1.3":
  version "12.1.3"
  resolved "https://registry.yarnpkg.com/@next/swc-linux-arm64-gnu/-/swc-linux-arm64-gnu-12.1.3.tgz#6cf2a1076acedf4e58918b6829c70385f0a4bbd9"
  integrity sha512-0rVc8A94o2CRgSghbtzHghkdpA+b2s3L6ue/D9RI39zRwLVCoLvobOwlNMR75U43T4Cmv2jgbhxvyaAJibU5Lg==

"@next/swc-linux-arm64-musl@12.1.3":
  version "12.1.3"
  resolved "https://registry.yarnpkg.com/@next/swc-linux-arm64-musl/-/swc-linux-arm64-musl-12.1.3.tgz#36a95485f14f5fa6e4efe2b789f240b37631d482"
  integrity sha512-MoXUjsPrVUe4Qqyew8tK9TiDhBt75lZnGECF7AFUEYGs5NqRcKAc2vPhQtke4QZqfI89+J1Wi4lbPHI2VqWXAA==

"@next/swc-linux-x64-gnu@12.1.3":
  version "12.1.3"
  resolved "https://registry.yarnpkg.com/@next/swc-linux-x64-gnu/-/swc-linux-x64-gnu-12.1.3.tgz#c17adb6943a6e51dfb7fd25636f4f732f5205223"
  integrity sha512-NJZa7Gq0lQlon74WFcWrsk0Y7UmAaNriAAxN6lyYdOHnBuQkriIDtv17Au/tcXyqLlfjcdzWs1LX+9FevKTtaw==

"@next/swc-linux-x64-musl@12.1.3":
  version "12.1.3"
  resolved "https://registry.yarnpkg.com/@next/swc-linux-x64-musl/-/swc-linux-x64-musl-12.1.3.tgz#25b6c26803533482760f2e752df7e18615c2bd39"
  integrity sha512-qK7wpSAXa7C4MjtQGjsp3uHgKKNlml4iwAPnk1ILGXgDRz2Cn1Dy1G7p/1berqsK3+zE7B0BuZ7TdyPHu5+kYQ==

"@next/swc-win32-arm64-msvc@12.1.3":
  version "12.1.3"
  resolved "https://registry.yarnpkg.com/@next/swc-win32-arm64-msvc/-/swc-win32-arm64-msvc-12.1.3.tgz#112fb4588b8810d3a040c7fe7e9bb8102eab3d5f"
  integrity sha512-p2/CYAZWm4I4IK2Dtlynp4diP1Q+daVYUzTo3JyyGGWx7y0ShkU8EDgT7MNSmBkisrTUADqr1W+HIkDVe5Z6vA==

"@next/swc-win32-ia32-msvc@12.1.3":
  version "12.1.3"
  resolved "https://registry.yarnpkg.com/@next/swc-win32-ia32-msvc/-/swc-win32-ia32-msvc-12.1.3.tgz#d34eedf12f652e4850d904423be5cbacf1fadb87"
  integrity sha512-LK9c4+Gp7G/ypUH3jksPqB2vhIWqg2AvgW3xih/y1AeCp0KYKgpS2DSkiW8gXbdIMFy9heBScKZQ5ShhEdXmjQ==

"@next/swc-win32-x64-msvc@12.1.3":
  version "12.1.3"
  resolved "https://registry.yarnpkg.com/@next/swc-win32-x64-msvc/-/swc-win32-x64-msvc-12.1.3.tgz#ee86499d94fa89b64c596e334ae49f42931223ec"
  integrity sha512-+Hsp5rO0aTOPF/4rneLktpEKCfslyVa74kFtkbIUNdMgFrK5/CSYW7p4EHWbAY2gjvvf6yMVDrNd6fsSPPNqIw==

anymatch@~3.1.2:
  version "3.1.2"
  resolved "https://registry.yarnpkg.com/anymatch/-/anymatch-3.1.2.tgz#c0557c096af32f106198f4f4e2a383537e378716"
  integrity sha512-P43ePfOAIupkguHUycrc4qJ9kz8ZiuOUijaETwX7THt0Y/GNK7v0aa8rY816xWjZ7rJdA5XdMcpVFTKMq+RvWg==
  dependencies:
    normalize-path "^3.0.0"
    picomatch "^2.0.4"

binary-extensions@^2.0.0:
  version "2.2.0"
  resolved "https://registry.yarnpkg.com/binary-extensions/-/binary-extensions-2.2.0.tgz#75f502eeaf9ffde42fc98829645be4ea76bd9e2d"
  integrity sha512-jDctJ/IVQbZoJykoeHbhXpOlNBqGNcwXJKJog42E5HDPUwQTSdjCHdihjj0DlnheQ7blbT6dHOafNAiS8ooQKA==

braces@~3.0.2:
  version "3.0.2"
  resolved "https://registry.yarnpkg.com/braces/-/braces-3.0.2.tgz#3454e1a462ee8d599e236df336cd9ea4f8afe107"
  integrity sha512-b8um+L1RzM3WDSzvhm6gIz1yfTbBt6YTlcEKAvsmqCZZFw46z626lVj9j1yEPW33H5H+lBQpZMP1k8l+78Ha0A==
  dependencies:
    fill-range "^7.0.1"

caniuse-lite@^1.0.30001283:
  version "1.0.30001322"
  resolved "https://registry.yarnpkg.com/caniuse-lite/-/caniuse-lite-1.0.30001322.tgz#2e4c09d11e1e8f852767dab287069a8d0c29d623"
  integrity sha512-neRmrmIrCGuMnxGSoh+x7zYtQFFgnSY2jaomjU56sCkTA6JINqQrxutF459JpWcWRajvoyn95sOXq4Pqrnyjew==

"chokidar@>=3.0.0 <4.0.0":
  version "3.5.3"
  resolved "https://registry.yarnpkg.com/chokidar/-/chokidar-3.5.3.tgz#1cf37c8707b932bd1af1ae22c0432e2acd1903bd"
  integrity sha512-Dr3sfKRP6oTcjf2JmUmFJfeVMvXBdegxB0iVQ5eb2V10uFJUCAS8OByZdVAyVb8xXNz3GjjTgj9kLWsZTqE6kw==
  dependencies:
    anymatch "~3.1.2"
    braces "~3.0.2"
    glob-parent "~5.1.2"
    is-binary-path "~2.1.0"
    is-glob "~4.0.1"
    normalize-path "~3.0.0"
    readdirp "~3.6.0"
  optionalDependencies:
    fsevents "~2.3.2"

debug@^2.1.3:
  version "2.6.9"
  resolved "https://registry.yarnpkg.com/debug/-/debug-2.6.9.tgz#5d128515df134ff327e90a4c93f4e077a536341f"
  integrity sha512-bC7ElrdJaJnPbAP+1EotYvqZsb3ecl5wi6Bfi6BJTUcNowp6cvspg0jXznRTKDjm/E7AdgFBVeAPVMNcKGsHMA==
  dependencies:
    ms "2.0.0"

fill-range@^7.0.1:
  version "7.0.1"
  resolved "https://registry.yarnpkg.com/fill-range/-/fill-range-7.0.1.tgz#1919a6a7c75fe38b2c7c77e5198535da9acdda40"
  integrity sha512-qOo9F+dMUmC2Lcb4BbVvnKJxTPjCm+RRpe4gDuGrzkL7mEVl/djYSu2OdQ2Pa302N4oqkSg9ir6jaLWJ2USVpQ==
  dependencies:
    to-regex-range "^5.0.1"

fsevents@~2.3.2:
  version "2.3.2"
  resolved "https://registry.yarnpkg.com/fsevents/-/fsevents-2.3.2.tgz#8a526f78b8fdf4623b709e0b975c52c24c02fd1a"
  integrity sha512-xiqMQR4xAeHTuB9uWm+fFRcIOgKBMiOBP+eXiyT7jsgVCq1bkVygt00oASowB7EdtpOHaaPgKt812P9ab+DDKA==

glob-parent@~5.1.2:
  version "5.1.2"
  resolved "https://registry.yarnpkg.com/glob-parent/-/glob-parent-5.1.2.tgz#869832c58034fe68a4093c17dc15e8340d8401c4"
  integrity sha512-AOIgSQCepiJYwP3ARnGx+5VnTu2HBYdzbGP45eLw1vr3zB3vZLeyed1sC9hnbcOc9/SrMyM5RPQrkGz4aS9Zow==
  dependencies:
    is-glob "^4.0.1"

html-entities@^2.3.2:
  version "2.3.3"
  resolved "https://registry.yarnpkg.com/html-entities/-/html-entities-2.3.3.tgz#117d7626bece327fc8baace8868fa6f5ef856e46"
  integrity sha512-DV5Ln36z34NNTDgnz0EWGBLZENelNAtkiFA4kyNOG2tDI6Mz1uSWiq1wAKdyjnJwyDiDO7Fa2SO1CTxPXL8VxA==

immutable@^4.0.0:
  version "4.0.0"
  resolved "https://registry.yarnpkg.com/immutable/-/immutable-4.0.0.tgz#b86f78de6adef3608395efb269a91462797e2c23"
  integrity sha512-zIE9hX70qew5qTUjSS7wi1iwj/l7+m54KWU247nhM3v806UdGj1yDndXj+IOYxxtW9zyLI+xqFNZjTuDaLUqFw==

is-binary-path@~2.1.0:
  version "2.1.0"
  resolved "https://registry.yarnpkg.com/is-binary-path/-/is-binary-path-2.1.0.tgz#ea1f7f3b80f064236e83470f86c09c254fb45b09"
  integrity sha512-ZMERYes6pDydyuGidse7OsHxtbI7WVeUEozgR/g7rd0xUimYNlvZRE/K2MgZTjWy725IfelLeVcEM97mmtRGXw==
  dependencies:
    binary-extensions "^2.0.0"

is-extglob@^2.1.1:
  version "2.1.1"
  resolved "https://registry.yarnpkg.com/is-extglob/-/is-extglob-2.1.1.tgz#a88c02535791f02ed37c76a1b9ea9773c833f8c2"
  integrity sha1-qIwCU1eR8C7TfHahueqXc8gz+MI=

is-glob@^4.0.1, is-glob@~4.0.1:
  version "4.0.3"
  resolved "https://registry.yarnpkg.com/is-glob/-/is-glob-4.0.3.tgz#64f61e42cbbb2eec2071a9dac0b28ba1e65d5084"
  integrity sha512-xelSayHH36ZgE7ZWhli7pW34hNbNl8Ojv5KVmkJD4hBdD3th8Tfk9vYasLM+mXWOZhFkgZfxhLSnrwRr4elSSg==
  dependencies:
    is-extglob "^2.1.1"

is-number@^7.0.0:
  version "7.0.0"
  resolved "https://registry.yarnpkg.com/is-number/-/is-number-7.0.0.tgz#7535345b896734d5f80c4d06c50955527a14f12b"
  integrity sha512-41Cifkg6e8TylSpdtTpeLVMqvSBEVzTttHvERD741+pnZ8ANv0004MRL43QKPDlK9cGvNp6NZWZUBlbGXYxxng==

"js-tokens@^3.0.0 || ^4.0.0":
  version "4.0.0"
  resolved "https://registry.yarnpkg.com/js-tokens/-/js-tokens-4.0.0.tgz#19203fb59991df98e3a287050d4647cdeaf32499"
  integrity sha512-RdJUflcE3cUzKiMqQgsCu06FPu9UdIJO0beYbPhHN4k6apgJtifcoCtT9bcxOpYBtpD2kCM6Sbzg4CausW/PKQ==

jsonp@^0.2.1:
  version "0.2.1"
  resolved "https://registry.yarnpkg.com/jsonp/-/jsonp-0.2.1.tgz#a65b4fa0f10bda719a05441ea7b94c55f3e15bae"
  integrity sha1-pltPoPEL2nGaBUQep7lMVfPhW64=
  dependencies:
    debug "^2.1.3"

loose-envify@^1.1.0, loose-envify@^1.4.0:
  version "1.4.0"
  resolved "https://registry.yarnpkg.com/loose-envify/-/loose-envify-1.4.0.tgz#71ee51fa7be4caec1a63839f7e682d8132d30caf"
  integrity sha512-lyuxPGr/Wfhrlem2CL/UcnUc1zcqKAImBDzukY7Y5F/yQiNdko6+fRLevlw1HgMySw7f611UIY408EtxRSoK3Q==
  dependencies:
    js-tokens "^3.0.0 || ^4.0.0"

ms@2.0.0:
  version "2.0.0"
  resolved "https://registry.yarnpkg.com/ms/-/ms-2.0.0.tgz#5608aeadfc00be6c2901df5f9861788de0d597c8"
  integrity sha1-VgiurfwAvmwpAd9fmGF4jeDVl8g=

nanoid@^3.1.30:
  version "3.3.2"
  resolved "https://registry.yarnpkg.com/nanoid/-/nanoid-3.3.2.tgz#c89622fafb4381cd221421c69ec58547a1eec557"
  integrity sha512-CuHBogktKwpm5g2sRgv83jEy2ijFzBwMoYA60orPDR7ynsLijJDqgsi4RDGj3OJpy3Ieb+LYwiRmIOGyytgITA==

next@^12.0.10:
  version "12.1.3"
  resolved "https://registry.yarnpkg.com/next/-/next-12.1.3.tgz#0eb138e2b672aeadc12de3b073510502c5e37d06"
  integrity sha512-SPNEyB21AwewquHOk9BR1rOJ4I/kI8zTAhpBkjFHpUd1CFrQ+fK6HLH8zGG/8pHhA3hX+pLfWtwE3PAJ0Y9hyg==
  dependencies:
    "@next/env" "12.1.3"
    caniuse-lite "^1.0.30001283"
    postcss "8.4.5"
    styled-jsx "5.0.1"
  optionalDependencies:
    "@next/swc-android-arm-eabi" "12.1.3"
    "@next/swc-android-arm64" "12.1.3"
    "@next/swc-darwin-arm64" "12.1.3"
    "@next/swc-darwin-x64" "12.1.3"
    "@next/swc-linux-arm-gnueabihf" "12.1.3"
    "@next/swc-linux-arm64-gnu" "12.1.3"
    "@next/swc-linux-arm64-musl" "12.1.3"
    "@next/swc-linux-x64-gnu" "12.1.3"
    "@next/swc-linux-x64-musl" "12.1.3"
    "@next/swc-win32-arm64-msvc" "12.1.3"
    "@next/swc-win32-ia32-msvc" "12.1.3"
    "@next/swc-win32-x64-msvc" "12.1.3"

normalize-path@^3.0.0, normalize-path@~3.0.0:
  version "3.0.0"
  resolved "https://registry.yarnpkg.com/normalize-path/-/normalize-path-3.0.0.tgz#0dcd69ff23a1c9b11fd0978316644a0388216a65"
  integrity sha512-6eZs5Ls3WtCisHWp9S2GUy8dqkpGi4BVSz3GaqiE6ezub0512ESztXUwUB6C6IKbQkY2Pnb/mD4WYojCRwcwLA==

object-assign@^4.1.1:
  version "4.1.1"
  resolved "https://registry.yarnpkg.com/object-assign/-/object-assign-4.1.1.tgz#2109adc7965887cfc05cbbd442cac8bfbb360863"
  integrity sha1-IQmtx5ZYh8/AXLvUQsrIv7s2CGM=

picocolors@^1.0.0:
  version "1.0.0"
  resolved "https://registry.yarnpkg.com/picocolors/-/picocolors-1.0.0.tgz#cb5bdc74ff3f51892236eaf79d68bc44564ab81c"
  integrity sha512-1fygroTLlHu66zi26VoTDv8yRgm0Fccecssto+MhsZ0D/DGW2sm8E8AjW7NU5VVTRt5GxbeZ5qBuJr+HyLYkjQ==

picomatch@^2.0.4, picomatch@^2.2.1:
  version "2.3.1"
  resolved "https://registry.yarnpkg.com/picomatch/-/picomatch-2.3.1.tgz#3ba3833733646d9d3e4995946c1365a67fb07a42"
  integrity sha512-JU3teHTNjmE2VCGFzuY8EXzCDVwEqB2a8fsIvwaStHhAWJEeVd1o1QD80CU6+ZdEXXSLbSsuLwJjkCBWqRQUVA==

postcss@8.4.5:
  version "8.4.5"
  resolved "https://registry.yarnpkg.com/postcss/-/postcss-8.4.5.tgz#bae665764dfd4c6fcc24dc0fdf7e7aa00cc77f95"
  integrity sha512-jBDboWM8qpaqwkMwItqTQTiFikhs/67OYVvblFFTM7MrZjt6yMKd6r2kgXizEbTTljacm4NldIlZnhbjr84QYg==
  dependencies:
    nanoid "^3.1.30"
    picocolors "^1.0.0"
    source-map-js "^1.0.1"

prop-types@^15.5.10:
  version "15.8.1"
  resolved "https://registry.yarnpkg.com/prop-types/-/prop-types-15.8.1.tgz#67d87bf1a694f48435cf332c24af10214a3140b5"
  integrity sha512-oj87CgZICdulUohogVAR7AjlC0327U4el4L6eAvOqCeudMDVU0NThNaV+b9Df4dXgSP1gXMTnPdhfe/2qDH5cg==
  dependencies:
    loose-envify "^1.4.0"
    object-assign "^4.1.1"
    react-is "^16.13.1"

react-dom@17.0.1:
  version "17.0.1"
  resolved "https://registry.yarnpkg.com/react-dom/-/react-dom-17.0.1.tgz#1de2560474ec9f0e334285662ede52dbc5426fc6"
  integrity sha512-6eV150oJZ9U2t9svnsspTMrWNyHc6chX0KzDeAOXftRa8bNeOKTTfCJ7KorIwenkHd2xqVTBTCZd79yk/lx/Ug==
  dependencies:
    loose-envify "^1.1.0"
    object-assign "^4.1.1"
    scheduler "^0.20.1"

react-is@^16.13.1:
  version "16.13.1"
  resolved "https://registry.yarnpkg.com/react-is/-/react-is-16.13.1.tgz#789729a4dc36de2999dc156dd6c1d9c18cea56a4"
  integrity sha512-24e6ynE2H+OKt4kqsOvNd8kBpV65zoxbA4BVsEOB3ARVWQki/DHzaUoC5KuON/BiccDaCCTZBuOcfZs70kR8bQ==

react-mailchimp-subscribe@^2.1.3:
  version "2.1.3"
  resolved "https://registry.yarnpkg.com/react-mailchimp-subscribe/-/react-mailchimp-subscribe-2.1.3.tgz#2f195f20b98c9be9608fac95d1f4f5bcb2d81929"
  integrity sha512-ZRuPZMnX/9pHQLnAQavsgB5xIF+gNqjNCCq1vvTs23cn+93W2oOp17qjg3LpDBEt1HJi6IHXMwpKXn0taY8FHw==
  dependencies:
    jsonp "^0.2.1"
    prop-types "^15.5.10"
    to-querystring "^1.0.4"

react@17.0.1:
  version "17.0.1"
  resolved "https://registry.yarnpkg.com/react/-/react-17.0.1.tgz#6e0600416bd57574e3f86d92edba3d9008726127"
  integrity sha512-lG9c9UuMHdcAexXtigOZLX8exLWkW0Ku29qPRU8uhF2R9BN96dLCt0psvzPLlHc5OWkgymP3qwTRgbnw5BKx3w==
  dependencies:
    loose-envify "^1.1.0"
    object-assign "^4.1.1"

readdirp@~3.6.0:
  version "3.6.0"
  resolved "https://registry.yarnpkg.com/readdirp/-/readdirp-3.6.0.tgz#74a370bd857116e245b29cc97340cd431a02a6c7"
  integrity sha512-hOS089on8RduqdbhvQ5Z37A0ESjsqz6qnRcffsMU3495FuTdqSm+7bhJ29JvIOsBDEEnan5DPu9t3To9VRlMzA==
  dependencies:
    picomatch "^2.2.1"

sass@^1.35.1:
  version "1.49.10"
  resolved "https://registry.yarnpkg.com/sass/-/sass-1.49.10.tgz#7b83cee0f03bbba443111b3f94944fde2b0c7a6b"
  integrity sha512-w37zfWJwKu4I78U4z63u1mmgoncq+v3iOB4yzQMPyAPVHHawaQSnu9C9ysGQnZEhW609jkcLioJcMCqm75JMdg==
  dependencies:
    chokidar ">=3.0.0 <4.0.0"
    immutable "^4.0.0"
    source-map-js ">=0.6.2 <2.0.0"

scheduler@^0.20.1:
  version "0.20.2"
  resolved "https://registry.yarnpkg.com/scheduler/-/scheduler-0.20.2.tgz#4baee39436e34aa93b4874bddcbf0fe8b8b50e91"
  integrity sha512-2eWfGgAqqWFGqtdMmcL5zCMK1U8KlXv8SQFGglL3CEtd0aDVDWgeF/YoCmvln55m5zSk3J/20hTaSBeSObsQDQ==
  dependencies:
    loose-envify "^1.1.0"
    object-assign "^4.1.1"

"source-map-js@>=0.6.2 <2.0.0", source-map-js@^1.0.1:
  version "1.0.2"
  resolved "https://registry.yarnpkg.com/source-map-js/-/source-map-js-1.0.2.tgz#adbc361d9c62df380125e7f161f71c826f1e490c"
  integrity sha512-R0XvVJ9WusLiqTCEiGCmICCMplcCkIwwR11mOSD9CR5u+IXYdiseeEuXCVAjS54zqwkLcPNnmU4OeJ6tUrWhDw==

styled-jsx@5.0.1:
  version "5.0.1"
  resolved "https://registry.yarnpkg.com/styled-jsx/-/styled-jsx-5.0.1.tgz#78fecbbad2bf95ce6cd981a08918ce4696f5fc80"
  integrity sha512-+PIZ/6Uk40mphiQJJI1202b+/dYeTVd9ZnMPR80pgiWbjIwvN2zIp4r9et0BgqBuShh48I0gttPlAXA7WVvBxw==

to-querystring@^1.0.4:
  version "1.1.1"
  resolved "https://registry.yarnpkg.com/to-querystring/-/to-querystring-1.1.1.tgz#98de5b00c79768a98ca48a2c09a960238d960265"
  integrity sha512-ZgIacl9TXAoT7sGXUYjQiy0MW7Tf/7CJQLt757hYHfXXc8JBzOVBMx4DckqKUO4hi36J72/m8UcH/GCHK+n97g==

to-regex-range@^5.0.1:
  version "5.0.1"
  resolved "https://registry.yarnpkg.com/to-regex-range/-/to-regex-range-5.0.1.tgz#1648c44aae7c8d988a326018ed72f5b4dd0392e4"
  integrity sha512-65P7iz6X5yEr1cwcgvQxbbIw7Uk3gOy5dIdtZ4rDveLqhrdJP+Li/Hx6tyK0NEb+2GCyneCMJiGqrADCSNk8sQ==
  dependencies:
    is-number "^7.0.0"
